hash: 3c885f6bd1cc52c4741de9303ecaeddc48d5733e151628a21b742ced6ac4f609
updated: 2017-11-03T15:43:40.728444264+08:00
imports:
- name: github.com/v2pro/plz
  version: aa0114dfbe7b6b766d970297ac8f4de25710c2bc
  subpackages:
  - countlog
- name: go.uber.org/atomic
  version: 4e336646b2ef9fc6e47be8e21594178f98e5ebcf
testImports:
- name: github.com/davecgh/go-spew
  version: 6d212800a42e8ab5c146b8ace3490ee17e5225f9
  subpackages:
  - spew
- name: github.com/pmezard/go-difflib
  version: d8ed2627bdf02c080bf22230dbb337003b7aba2d
  subpackages:
  - difflib
- name: github.com/stretchr/testify
  version: 69483b4bd14f5845b5a1e55bca19e954e827f1d0
  subpackages:
  - assert
  - require
